
Microsoft Visual Studio Solution File, Format Version 12.00
# Visual Studio Version 18
VisualStudioVersion = 18.3.11512.155
MinimumVisualStudioVersion = 10.0.40219.1
Project("{FAE04EC0-301F-11D3-BF4B-00C04F79EFBC}") = "kairo-ui", "kairo-ui\kairo-ui.csproj", "{FB7DDCD5-09C9-499E-A7DC-0F286ED62790}"
EndProject
Project("{FAE04EC0-301F-11D3-BF4B-00C04F79EFBC}") = "ClientDocumentApi", "ClientDocumentApi\ClientDocumentApi.csproj", "{DAB534D8-3AAD-4597-8E85-8B7E9BB06426}"
EndProject
Project("{2150E333-8FDC-42A3-9474-1A3956D46DE8}") = "CBS.COMMON", "CBS.COMMON", "{C7B93F94-8B94-2682-7458-5EA96DF68017}"
EndProject
Project("{FAE04EC0-301F-11D3-BF4B-00C04F79EFBC}") = "CBS.Entities.Common", "CBS.COMMON\CBS.Entities.Common.csproj", "{AA4F86BF-F33F-4902-917F-DB6660C2286E}"
EndProject
Project("{2150E333-8FDC-42A3-9474-1A3956D46DE8}") = "CBS.Entities.ClientManagement", "CBS.Entities.ClientManagement", "{B8C18E0D-7485-C90A-4A7D-8E7FC4D87A49}"
EndProject
Project("{FAE04EC0-301F-11D3-BF4B-00C04F79EFBC}") = "CBS.Entities.ClientManagement", "CBS.Entities.ClientManagement\CBS.Entities.ClientManagement.csproj", "{49DA3DA5-C9DA-4C0F-A413-34E5DF229595}"
EndProject
Project("{2150E333-8FDC-42A3-9474-1A3956D46DE8}") = "ClientManagementApi", "ClientManagementApi", "{9DE518AF-53D6-4B45-EA9C-F9BE7089B64F}"
EndProject
Project("{FAE04EC0-301F-11D3-BF4B-00C04F79EFBC}") = "ClientManagement", "ClientManagement\ClientManagement.csproj", "{308831B1-B1A9-4F2E-9E1D-C7B9B242C336}"
EndProject
Project("{FAE04EC0-301F-11D3-BF4B-00C04F79EFBC}") = "SystemCoreApi", "SystemCoreApi\SystemCoreApi.csproj", "{F7E3D4C9-5B2A-4E1F-8C6D-7A9B1E2F3D4C}"
EndProject
Project("{FAE04EC0-301F-11D3-BF4B-00C04F79EFBC}") = "CBS.Entities.SystemCore", "CBS.Entities.SystemCore\CBS.Entities.SystemCore.csproj", "{6DE8258C-ADB9-40B0-9278-8B7B1E076173}"
EndProject
Project("{FAE04EC0-301F-11D3-BF4B-00C04F79EFBC}") = "AccountManagement", "AccountManagement\AccountManagement.csproj", "{D6E08674-55F5-4899-9C97-E9E1968E6C3D}"
EndProject
Project("{2150E333-8FDC-42A3-9474-1A3956D46DE8}") = "Solution Items", "Solution Items", "{028A4C05-9D12-419C-9553-88248D1CA728}"
	ProjectSection(SolutionItems) = preProject
		docs\SUBMODULES_UI_CHEATSHEET.md = docs\SUBMODULES_UI_CHEATSHEET.md
		docs\UI_STANDARDIZATION_CHEATSHEET.md = docs\UI_STANDARDIZATION_CHEATSHEET.md
	EndProjectSection
EndProject
Global
	GlobalSection(SolutionConfigurationPlatforms) = preSolution
		Debug|Any CPU = Debug|Any CPU
		Debug|x64 = Debug|x64
		Debug|x86 = Debug|x86
		Release|Any CPU = Release|Any CPU
		Release|x64 = Release|x64
		Release|x86 = Release|x86
	EndGlobalSection
	GlobalSection(ProjectConfigurationPlatforms) = postSolution
		{FB7DDCD5-09C9-499E-A7DC-0F286ED62790}.Debug|Any CPU.ActiveCfg = Debug|Any CPU
		{FB7DDCD5-09C9-499E-A7DC-0F286ED62790}.Debug|Any CPU.Build.0 = Debug|Any CPU
		{FB7DDCD5-09C9-499E-A7DC-0F286ED62790}.Debug|x64.ActiveCfg = Debug|Any CPU
		{FB7DDCD5-09C9-499E-A7DC-0F286ED62790}.Debug|x64.Build.0 = Debug|Any CPU
		{FB7DDCD5-09C9-499E-A7DC-0F286ED62790}.Debug|x86.ActiveCfg = Debug|Any CPU
		{FB7DDCD5-09C9-499E-A7DC-0F286ED62790}.Debug|x86.Build.0 = Debug|Any CPU
		{FB7DDCD5-09C9-499E-A7DC-0F286ED62790}.Release|Any CPU.ActiveCfg = Release|Any CPU
		{FB7DDCD5-09C9-499E-A7DC-0F286ED62790}.Release|Any CPU.Build.0 = Release|Any CPU
		{FB7DDCD5-09C9-499E-A7DC-0F286ED62790}.Release|x64.ActiveCfg = Release|Any CPU
		{FB7DDCD5-09C9-499E-A7DC-0F286ED62790}.Release|x64.Build.0 = Release|Any CPU
		{FB7DDCD5-09C9-499E-A7DC-0F286ED62790}.Release|x86.ActiveCfg = Release|Any CPU
		{FB7DDCD5-09C9-499E-A7DC-0F286ED62790}.Release|x86.Build.0 = Release|Any CPU
		{DAB534D8-3AAD-4597-8E85-8B7E9BB06426}.Debug|Any CPU.ActiveCfg = Debug|Any CPU
		{DAB534D8-3AAD-4597-8E85-8B7E9BB06426}.Debug|Any CPU.Build.0 = Debug|Any CPU
		{DAB534D8-3AAD-4597-8E85-8B7E9BB06426}.Debug|x64.ActiveCfg = Debug|Any CPU
		{DAB534D8-3AAD-4597-8E85-8B7E9BB06426}.Debug|x64.Build.0 = Debug|Any CPU
		{DAB534D8-3AAD-4597-8E85-8B7E9BB06426}.Debug|x86.ActiveCfg = Debug|Any CPU
		{DAB534D8-3AAD-4597-8E85-8B7E9BB06426}.Debug|x86.Build.0 = Debug|Any CPU
		{DAB534D8-3AAD-4597-8E85-8B7E9BB06426}.Release|Any CPU.ActiveCfg = Release|Any CPU
		{DAB534D8-3AAD-4597-8E85-8B7E9BB06426}.Release|Any CPU.Build.0 = Release|Any CPU
		{DAB534D8-3AAD-4597-8E85-8B7E9BB06426}.Release|x64.ActiveCfg = Release|Any CPU
		{DAB534D8-3AAD-4597-8E85-8B7E9BB06426}.Release|x64.Build.0 = Release|Any CPU
		{DAB534D8-3AAD-4597-8E85-8B7E9BB06426}.Release|x86.ActiveCfg = Release|Any CPU
		{DAB534D8-3AAD-4597-8E85-8B7E9BB06426}.Release|x86.Build.0 = Release|Any CPU
		{AA4F86BF-F33F-4902-917F-DB6660C2286E}.Debug|Any CPU.ActiveCfg = Debug|Any CPU
		{AA4F86BF-F33F-4902-917F-DB6660C2286E}.Debug|Any CPU.Build.0 = Debug|Any CPU
		{AA4F86BF-F33F-4902-917F-DB6660C2286E}.Debug|x64.ActiveCfg = Debug|Any CPU
		{AA4F86BF-F33F-4902-917F-DB6660C2286E}.Debug|x64.Build.0 = Debug|Any CPU
		{AA4F86BF-F33F-4902-917F-DB6660C2286E}.Debug|x86.ActiveCfg = Debug|Any CPU
		{AA4F86BF-F33F-4902-917F-DB6660C2286E}.Debug|x86.Build.0 = Debug|Any CPU
		{AA4F86BF-F33F-4902-917F-DB6660C2286E}.Release|Any CPU.ActiveCfg = Release|Any CPU
		{AA4F86BF-F33F-4902-917F-DB6660C2286E}.Release|Any CPU.Build.0 = Release|Any CPU
		{AA4F86BF-F33F-4902-917F-DB6660C2286E}.Release|x64.ActiveCfg = Release|Any CPU
		{AA4F86BF-F33F-4902-917F-DB6660C2286E}.Release|x64.Build.0 = Release|Any CPU
		{AA4F86BF-F33F-4902-917F-DB6660C2286E}.Release|x86.ActiveCfg = Release|Any CPU
		{AA4F86BF-F33F-4902-917F-DB6660C2286E}.Release|x86.Build.0 = Release|Any CPU
		{49DA3DA5-C9DA-4C0F-A413-34E5DF229595}.Debug|Any CPU.ActiveCfg = Debug|Any CPU
		{49DA3DA5-C9DA-4C0F-A413-34E5DF229595}.Debug|Any CPU.Build.0 = Debug|Any CPU
		{49DA3DA5-C9DA-4C0F-A413-34E5DF229595}.Debug|x64.ActiveCfg = Debug|Any CPU
		{49DA3DA5-C9DA-4C0F-A413-34E5DF229595}.Debug|x64.Build.0 = Debug|Any CPU
		{49DA3DA5-C9DA-4C0F-A413-34E5DF229595}.Debug|x86.ActiveCfg = Debug|Any CPU
		{49DA3DA5-C9DA-4C0F-A413-34E5DF229595}.Debug|x86.Build.0 = Debug|Any CPU
		{49DA3DA5-C9DA-4C0F-A413-34E5DF229595}.Release|Any CPU.ActiveCfg = Release|Any CPU
		{49DA3DA5-C9DA-4C0F-A413-34E5DF229595}.Release|Any CPU.Build.0 = Release|Any CPU
		{49DA3DA5-C9DA-4C0F-A413-34E5DF229595}.Release|x64.ActiveCfg = Release|Any CPU
		{49DA3DA5-C9DA-4C0F-A413-34E5DF229595}.Release|x64.Build.0 = Release|Any CPU
		{49DA3DA5-C9DA-4C0F-A413-34E5DF229595}.Release|x86.ActiveCfg = Release|Any CPU
		{49DA3DA5-C9DA-4C0F-A413-34E5DF229595}.Release|x86.Build.0 = Release|Any CPU
		{308831B1-B1A9-4F2E-9E1D-C7B9B242C336}.Debug|Any CPU.ActiveCfg = Debug|Any CPU
		{308831B1-B1A9-4F2E-9E1D-C7B9B242C336}.Debug|Any CPU.Build.0 = Debug|Any CPU
		{308831B1-B1A9-4F2E-9E1D-C7B9B242C336}.Debug|x64.ActiveCfg = Debug|Any CPU
		{308831B1-B1A9-4F2E-9E1D-C7B9B242C336}.Debug|x64.Build.0 = Debug|Any CPU
		{308831B1-B1A9-4F2E-9E1D-C7B9B242C336}.Debug|x86.ActiveCfg = Debug|Any CPU
		{308831B1-B1A9-4F2E-9E1D-C7B9B242C336}.Debug|x86.Build.0 = Debug|Any CPU
		{308831B1-B1A9-4F2E-9E1D-C7B9B242C336}.Release|Any CPU.ActiveCfg = Release|Any CPU
		{308831B1-B1A9-4F2E-9E1D-C7B9B242C336}.Release|Any CPU.Build.0 = Release|Any CPU
		{308831B1-B1A9-4F2E-9E1D-C7B9B242C336}.Release|x64.ActiveCfg = Release|Any CPU
		{308831B1-B1A9-4F2E-9E1D-C7B9B242C336}.Release|x64.Build.0 = Release|Any CPU
		{308831B1-B1A9-4F2E-9E1D-C7B9B242C336}.Release|x86.ActiveCfg = Release|Any CPU
		{308831B1-B1A9-4F2E-9E1D-C7B9B242C336}.Release|x86.Build.0 = Release|Any CPU
		{F7E3D4C9-5B2A-4E1F-8C6D-7A9B1E2F3D4C}.Debug|Any CPU.ActiveCfg = Debug|Any CPU
		{F7E3D4C9-5B2A-4E1F-8C6D-7A9B1E2F3D4C}.Debug|Any CPU.Build.0 = Debug|Any CPU
		{F7E3D4C9-5B2A-4E1F-8C6D-7A9B1E2F3D4C}.Debug|x64.ActiveCfg = Debug|Any CPU
		{F7E3D4C9-5B2A-4E1F-8C6D-7A9B1E2F3D4C}.Debug|x64.Build.0 = Debug|Any CPU
		{F7E3D4C9-5B2A-4E1F-8C6D-7A9B1E2F3D4C}.Debug|x86.ActiveCfg = Debug|Any CPU
		{F7E3D4C9-5B2A-4E1F-8C6D-7A9B1E2F3D4C}.Debug|x86.Build.0 = Debug|Any CPU
		{F7E3D4C9-5B2A-4E1F-8C6D-7A9B1E2F3D4C}.Release|Any CPU.ActiveCfg = Release|Any CPU
		{F7E3D4C9-5B2A-4E1F-8C6D-7A9B1E2F3D4C}.Release|Any CPU.Build.0 = Release|Any CPU
		{F7E3D4C9-5B2A-4E1F-8C6D-7A9B1E2F3D4C}.Release|x64.ActiveCfg = Release|Any CPU
		{F7E3D4C9-5B2A-4E1F-8C6D-7A9B1E2F3D4C}.Release|x64.Build.0 = Release|Any CPU
		{F7E3D4C9-5B2A-4E1F-8C6D-7A9B1E2F3D4C}.Release|x86.ActiveCfg = Release|Any CPU
		{F7E3D4C9-5B2A-4E1F-8C6D-7A9B1E2F3D4C}.Release|x86.Build.0 = Release|Any CPU
		{6DE8258C-ADB9-40B0-9278-8B7B1E076173}.Debug|Any CPU.ActiveCfg = Debug|Any CPU
		{6DE8258C-ADB9-40B0-9278-8B7B1E076173}.Debug|Any CPU.Build.0 = Debug|Any CPU
		{6DE8258C-ADB9-40B0-9278-8B7B1E076173}.Debug|x64.ActiveCfg = Debug|Any CPU
		{6DE8258C-ADB9-40B0-9278-8B7B1E076173}.Debug|x64.Build.0 = Debug|Any CPU
		{6DE8258C-ADB9-40B0-9278-8B7B1E076173}.Debug|x86.ActiveCfg = Debug|Any CPU
		{6DE8258C-ADB9-40B0-9278-8B7B1E076173}.Debug|x86.Build.0 = Debug|Any CPU
		{6DE8258C-ADB9-40B0-9278-8B7B1E076173}.Release|Any CPU.ActiveCfg = Release|Any CPU
		{6DE8258C-ADB9-40B0-9278-8B7B1E076173}.Release|Any CPU.Build.0 = Release|Any CPU
		{6DE8258C-ADB9-40B0-9278-8B7B1E076173}.Release|x64.ActiveCfg = Release|Any CPU
		{6DE8258C-ADB9-40B0-9278-8B7B1E076173}.Release|x64.Build.0 = Release|Any CPU
		{6DE8258C-ADB9-40B0-9278-8B7B1E076173}.Release|x86.ActiveCfg = Release|Any CPU
		{6DE8258C-ADB9-40B0-9278-8B7B1E076173}.Release|x86.Build.0 = Release|Any CPU
		{D6E08674-55F5-4899-9C97-E9E1968E6C3D}.Debug|Any CPU.ActiveCfg = Debug|Any CPU
		{D6E08674-55F5-4899-9C97-E9E1968E6C3D}.Debug|Any CPU.Build.0 = Debug|Any CPU
		{D6E08674-55F5-4899-9C97-E9E1968E6C3D}.Debug|x64.ActiveCfg = Debug|Any CPU
		{D6E08674-55F5-4899-9C97-E9E1968E6C3D}.Debug|x64.Build.0 = Debug|Any CPU
		{D6E08674-55F5-4899-9C97-E9E1968E6C3D}.Debug|x86.ActiveCfg = Debug|Any CPU
		{D6E08674-55F5-4899-9C97-E9E1968E6C3D}.Debug|x86.Build.0 = Debug|Any CPU
		{D6E08674-55F5-4899-9C97-E9E1968E6C3D}.Release|Any CPU.ActiveCfg = Release|Any CPU
		{D6E08674-55F5-4899-9C97-E9E1968E6C3D}.Release|Any CPU.Build.0 = Release|Any CPU
		{D6E08674-55F5-4899-9C97-E9E1968E6C3D}.Release|x64.ActiveCfg = Release|Any CPU
		{D6E08674-55F5-4899-9C97-E9E1968E6C3D}.Release|x64.Build.0 = Release|Any CPU
		{D6E08674-55F5-4899-9C97-E9E1968E6C3D}.Release|x86.ActiveCfg = Release|Any CPU
		{D6E08674-55F5-4899-9C97-E9E1968E6C3D}.Release|x86.Build.0 = Release|Any CPU
	EndGlobalSection
	GlobalSection(SolutionProperties) = preSolution
		HideSolutionNode = FALSE
	EndGlobalSection
	GlobalSection(NestedProjects) = preSolution
		{AA4F86BF-F33F-4902-917F-DB6660C2286E} = {C7B93F94-8B94-2682-7458-5EA96DF68017}
		{49DA3DA5-C9DA-4C0F-A413-34E5DF229595} = {B8C18E0D-7485-C90A-4A7D-8E7FC4D87A49}
		{308831B1-B1A9-4F2E-9E1D-C7B9B242C336} = {9DE518AF-53D6-4B45-EA9C-F9BE7089B64F}
	EndGlobalSection
	GlobalSection(ExtensibilityGlobals) = postSolution
		SolutionGuid = {6F25C4AF-357F-4FC3-8F9C-4349A6D6D20F}
	EndGlobalSection
EndGlobal
